Microsoft Visual Studio Solution File, Format Version 12.00
# Visual Studio Version 17
VisualStudioVersion = 17.5.2.0
MinimumVisualStudioVersion = 10.0.40219.1
Project("{FAE04EC0-301F-11D3-BF4B-00C04F79EFBC}") = "Api_Yazilim", "Api_Yazilim.csproj", "{22F2C6D3-406A-8672-08DC-5BDDA4DDBBFA}"
EndProject
Global
	GlobalSection(SolutionConfigurationPlatforms) = preSolution
		Debug|Any CPU = Debug|Any CPU
		Release|Any CPU = Release|Any CPU
	EndGlobalSection
	GlobalSection(ProjectConfigurationPlatforms) = postSolution
		{22F2C6D3-406A-8672-08DC-5BDDA4DDBBFA}.Debug|Any CPU.ActiveCfg = Debug|Any CPU
		{22F2C6D3-406A-8672-08DC-5BDDA4DDBBFA}.Debug|Any CPU.Build.0 = Debug|Any CPU
		{22F2C6D3-406A-8672-08DC-5BDDA4DDBBFA}.Release|Any CPU.ActiveCfg = Release|Any CPU
		{22F2C6D3-406A-8672-08DC-5BDDA4DDBBFA}.Release|Any CPU.Build.0 = Release|Any CPU
	EndGlobalSection
	GlobalSection(SolutionProperties) = preSolution
		HideSolutionNode = FALSE
	EndGlobalSection
	GlobalSection(ExtensibilityGlobals) = postSolution
		SolutionGuid = {8AFCDAA7-6C98-44BE-94D5-25B280B3A7BA}
	EndGlobalSection
EndGlobal
